
Microsoft Visual Studio Solution File, Format Version 12.00
# Visual Studio Version 17
VisualStudioVersion = 17.8.34322.80
MinimumVisualStudioVersion = 10.0.40219.1
Project("{9A19103F-16F7-4668-BE54-9A1E7A4F7556}") = "WorkAround", "WorkAround\WorkAround.csproj", "{E955C214-AB99-427E-87D4-1DEB33F85A3E}"
EndProject
Project("{FAE04EC0-301F-11D3-BF4B-00C04F79EFBC}") = "Entities", "Entites\Entities.csproj", "{58DF86AD-5422-40E1-A90A-ABF4485CA6D8}"
EndProject
Project("{FAE04EC0-301F-11D3-BF4B-00C04F79EFBC}") = "Business", "Business\Business.csproj", "{43876C28-C4B2-4502-A153-0F1AA5FBD21D}"
EndProject
Global
	GlobalSection(SolutionConfigurationPlatforms) = preSolution
		Debug|Any CPU = Debug|Any CPU
		Release|Any CPU = Release|Any CPU
	EndGlobalSection
	GlobalSection(ProjectConfigurationPlatforms) = postSolution
		{E955C214-AB99-427E-87D4-1DEB33F85A3E}.Debug|Any CPU.ActiveCfg = Debug|Any CPU
		{E955C214-AB99-427E-87D4-1DEB33F85A3E}.Debug|Any CPU.Build.0 = Debug|Any CPU
		{E955C214-AB99-427E-87D4-1DEB33F85A3E}.Release|Any CPU.ActiveCfg = Release|Any CPU
		{E955C214-AB99-427E-87D4-1DEB33F85A3E}.Release|Any CPU.Build.0 = Release|Any CPU
		{58DF86AD-5422-40E1-A90A-ABF4485CA6D8}.Debug|Any CPU.ActiveCfg = Debug|Any CPU
		{58DF86AD-5422-40E1-A90A-ABF4485CA6D8}.Debug|Any CPU.Build.0 = Debug|Any CPU
		{58DF86AD-5422-40E1-A90A-ABF4485CA6D8}.Release|Any CPU.ActiveCfg = Release|Any CPU
		{58DF86AD-5422-40E1-A90A-ABF4485CA6D8}.Release|Any CPU.Build.0 = Release|Any CPU
		{43876C28-C4B2-4502-A153-0F1AA5FBD21D}.Debug|Any CPU.ActiveCfg = Debug|Any CPU
		{43876C28-C4B2-4502-A153-0F1AA5FBD21D}.Debug|Any CPU.Build.0 = Debug|Any CPU
		{43876C28-C4B2-4502-A153-0F1AA5FBD21D}.Release|Any CPU.ActiveCfg = Release|Any CPU
		{43876C28-C4B2-4502-A153-0F1AA5FBD21D}.Release|Any CPU.Build.0 = Release|Any CPU
	EndGlobalSection
	GlobalSection(SolutionProperties) = preSolution
		HideSolutionNode = FALSE
	EndGlobalSection
	GlobalSection(ExtensibilityGlobals) = postSolution
		SolutionGuid = {C02C6F3D-B73F-4BAB-86E5-D0462881274C}
	EndGlobalSection
EndGlobal
